
Microsoft Visual Studio Solution File, Format Version 12.00
# Visual Studio Version 16
VisualStudioVersion = 16.0.31321.278
MinimumVisualStudioVersion = 10.0.40219.1
Project("{FAE04EC0-301F-11D3-BF4B-00C04F79EFBC}") = "MouseMaze", "MouseMaze.csproj", "{D0389897-03DB-4C5E-AB35-40A19392D2D3}"
EndProject
Global
	GlobalSection(SolutionConfigurationPlatforms) = preSolution
		Debug|Any CPU = Debug|Any CPU
		Release|Any CPU = Release|Any CPU
	EndGlobalSection
	GlobalSection(ProjectConfigurationPlatforms) = postSolution
		{D0389897-03DB-4C5E-AB35-40A19392D2D3}.Debug|Any CPU.ActiveCfg = Debug|Any CPU
		{D0389897-03DB-4C5E-AB35-40A19392D2D3}.Debug|Any CPU.Build.0 = Debug|Any CPU
		{D0389897-03DB-4C5E-AB35-40A19392D2D3}.Release|Any CPU.ActiveCfg = Release|Any CPU
		{D0389897-03DB-4C5E-AB35-40A19392D2D3}.Release|Any CPU.Build.0 = Release|Any CPU
	EndGlobalSection
	GlobalSection(SolutionProperties) = preSolution
		HideSolutionNode = FALSE
	EndGlobalSection
	GlobalSection(ExtensibilityGlobals) = postSolution
		SolutionGuid = {87074AB5-4DC5-4C76-94B8-7B59B9BEDCCB}
	EndGlobalSection
EndGlobal
